
Microsoft Visual Studio Solution File, Format Version 12.00
# Visual Studio 2012
Project("{8BC9CEB8-8B4A-11D0-8D11-00A0C91BC942}") = "Aug9_2013", "Aug9_2013.vcxproj", "{72C59404-1811-4D8F-ADDD-6E64C6DF9C64}"
EndProject
Global
	GlobalSection(SolutionConfigurationPlatforms) = preSolution
		Debug|Win32 = Debug|Win32
		Release|Win32 = Release|Win32
	EndGlobalSection
	GlobalSection(ProjectConfigurationPlatforms) = postSolution
		{72C59404-1811-4D8F-ADDD-6E64C6DF9C64}.Debug|Win32.ActiveCfg = Debug|Win32
		{72C59404-1811-4D8F-ADDD-6E64C6DF9C64}.Debug|Win32.Build.0 = Debug|Win32
		{72C59404-1811-4D8F-ADDD-6E64C6DF9C64}.Release|Win32.ActiveCfg = Release|Win32
		{72C59404-1811-4D8F-ADDD-6E64C6DF9C64}.Release|Win32.Build.0 = Release|Win32
	EndGlobalSection
	GlobalSection(SolutionProperties) = preSolution
		HideSolutionNode = FALSE
	EndGlobalSection
EndGlobal
